
Microsoft Visual Studio Solution File, Format Version 12.00
# Visual Studio Version 17
VisualStudioVersion = 17.7.34031.279
MinimumVisualStudioVersion = 10.0.40219.1
Project("{FAE04EC0-301F-11D3-BF4B-00C04F79EFBC}") = "inheritance", "inheritance\inheritance.csproj", "{735F351C-5A0A-4B96-9997-71ED710F195D}"
EndProject
Global
	GlobalSection(SolutionConfigurationPlatforms) = preSolution
		Debug|Any CPU = Debug|Any CPU
		Release|Any CPU = Release|Any CPU
	EndGlobalSection
	GlobalSection(ProjectConfigurationPlatforms) = postSolution
		{735F351C-5A0A-4B96-9997-71ED710F195D}.Debug|Any CPU.ActiveCfg = Debug|Any CPU
		{735F351C-5A0A-4B96-9997-71ED710F195D}.Debug|Any CPU.Build.0 = Debug|Any CPU
		{735F351C-5A0A-4B96-9997-71ED710F195D}.Release|Any CPU.ActiveCfg = Release|Any CPU
		{735F351C-5A0A-4B96-9997-71ED710F195D}.Release|Any CPU.Build.0 = Release|Any CPU
	EndGlobalSection
	GlobalSection(SolutionProperties) = preSolution
		HideSolutionNode = FALSE
	EndGlobalSection
	GlobalSection(ExtensibilityGlobals) = postSolution
		SolutionGuid = {460FE691-F8DD-4C70-8B67-E28E93B5E7DF}
	EndGlobalSection
EndGlobal
